
Microsoft Visual Studio Solution File, Format Version 12.00
# Visual Studio Version 16
VisualStudioVersion = 16.0.31129.286
MinimumVisualStudioVersion = 10.0.40219.1
Project("{FAE04EC0-301F-11D3-BF4B-00C04F79EFBC}") = "SocietyAPI", "SocietyAPI.csproj", "{F36B8DB0-D961-41A9-A873-84A3C2421008}"
EndProject
Global
	GlobalSection(SolutionConfigurationPlatforms) = preSolution
		Debug|Any CPU = Debug|Any CPU
		Release|Any CPU = Release|Any CPU
	EndGlobalSection
	GlobalSection(ProjectConfigurationPlatforms) = postSolution
		{F36B8DB0-D961-41A9-A873-84A3C2421008}.Debug|Any CPU.ActiveCfg = Debug|Any CPU
		{F36B8DB0-D961-41A9-A873-84A3C2421008}.Debug|Any CPU.Build.0 = Debug|Any CPU
		{F36B8DB0-D961-41A9-A873-84A3C2421008}.Release|Any CPU.ActiveCfg = Release|Any CPU
		{F36B8DB0-D961-41A9-A873-84A3C2421008}.Release|Any CPU.Build.0 = Release|Any CPU
	EndGlobalSection
	GlobalSection(SolutionProperties) = preSolution
		HideSolutionNode = FALSE
	EndGlobalSection
	GlobalSection(ExtensibilityGlobals) = postSolution
		SolutionGuid = {7BFB593C-B862-4538-8896-54A63C4E83FA}
	EndGlobalSection
EndGlobal
